# THIS IS AN AUTOGENERATED FILE. DO NOT EDIT THIS FILE DIRECTLY.
# yarn lockfile v1


"@babel/parser@^7.23.0":
  version "7.23.0"
  resolved "https://registry.npmjs.org/@babel/parser/-/parser-7.23.0.tgz"
  integrity sha512-vvPKKdMemU85V9WE/l5wZEmImpCtLqbnTvqDS2U1fJ96KrxoW7KrXhNsNCblQlg8Ck4b85yxdTyelsMUgFUXiw==

"@esbuild/win32-x64@0.18.20":
  version "0.18.20"
  resolved "https://registry.npmjs.org/@esbuild/win32-x64/-/win32-x64-0.18.20.tgz"
  integrity sha512-kTdfRcSiDfQca/y9QIkng02avJ+NCaQvrMejlsB3RRv5sE9rRoeBPISaZpKxHELzRxZyLvNts1P27W3wV+8geQ==

"@jridgewell/sourcemap-codec@^1.4.15":
  version "1.4.15"
  resolved "https://registry.npmjs.org/@jridgewell/sourcemap-codec/-/sourcemap-codec-1.4.15.tgz"
  integrity sha512-eF2rxCRulEKXHTRiDrDy6erMYWqNw4LPdQ8UQA4huuxaQsVeRPFl2oM8oDGxMFhJUWZf9McpLtJasDDZb/Bpeg==

"@vitejs/plugin-vue@^4.4.0":
  version "4.4.0"
  resolved "https://registry.npmjs.org/@vitejs/plugin-vue/-/plugin-vue-4.4.0.tgz"
  integrity sha512-xdguqb+VUwiRpSg+nsc2HtbAUSGak25DXYvpQQi4RVU1Xq1uworyoH/md9Rfd8zMmPR/pSghr309QNcftUVseg==

"@vue/compiler-core@3.3.7":
  version "3.3.7"
  resolved "https://registry.npmjs.org/@vue/compiler-core/-/compiler-core-3.3.7.tgz"
  integrity sha512-pACdY6YnTNVLXsB86YD8OF9ihwpolzhhtdLVHhBL6do/ykr6kKXNYABRtNMGrsQXpEXXyAdwvWWkuTbs4MFtPQ==
  dependencies:
    "@babel/parser" "^7.23.0"
    "@vue/shared" "3.3.7"
    estree-walker "^2.0.2"
    source-map-js "^1.0.2"

"@vue/compiler-dom@3.3.7":
  version "3.3.7"
  resolved "https://registry.npmjs.org/@vue/compiler-dom/-/compiler-dom-3.3.7.tgz"
  integrity sha512-0LwkyJjnUPssXv/d1vNJ0PKfBlDoQs7n81CbO6Q0zdL7H1EzqYRrTVXDqdBVqro0aJjo/FOa1qBAPVI4PGSHBw==
  dependencies:
    "@vue/compiler-core" "3.3.7"
    "@vue/shared" "3.3.7"

"@vue/compiler-sfc@3.3.7":
  version "3.3.7"
  resolved "https://registry.npmjs.org/@vue/compiler-sfc/-/compiler-sfc-3.3.7.tgz"
  integrity sha512-7pfldWy/J75U/ZyYIXRVqvLRw3vmfxDo2YLMwVtWVNew8Sm8d6wodM+OYFq4ll/UxfqVr0XKiVwti32PCrruAw==
  dependencies:
    "@babel/parser" "^7.23.0"
    "@vue/compiler-core" "3.3.7"
    "@vue/compiler-dom" "3.3.7"
    "@vue/compiler-ssr" "3.3.7"
    "@vue/reactivity-transform" "3.3.7"
    "@vue/shared" "3.3.7"
    estree-walker "^2.0.2"
    magic-string "^0.30.5"
    postcss "^8.4.31"
    source-map-js "^1.0.2"

"@vue/compiler-ssr@3.3.7":
  version "3.3.7"
  resolved "https://registry.npmjs.org/@vue/compiler-ssr/-/compiler-ssr-3.3.7.tgz"
  integrity sha512-TxOfNVVeH3zgBc82kcUv+emNHo+vKnlRrkv8YvQU5+Y5LJGJwSNzcmLUoxD/dNzv0bhQ/F0s+InlgV0NrApJZg==
  dependencies:
    "@vue/compiler-dom" "3.3.7"
    "@vue/shared" "3.3.7"

"@vue/devtools-api@^6.5.0":
  version "6.5.1"
  resolved "https://registry.npmjs.org/@vue/devtools-api/-/devtools-api-6.5.1.tgz"
  integrity sha512-+KpckaAQyfbvshdDW5xQylLni1asvNSGme1JFs8I1+/H5pHEhqUKMEQD/qn3Nx5+/nycBq11qAEi8lk+LXI2dA==

"@vue/reactivity-transform@3.3.7":
  version "3.3.7"
  resolved "https://registry.npmjs.org/@vue/reactivity-transform/-/reactivity-transform-3.3.7.tgz"
  integrity sha512-APhRmLVbgE1VPGtoLQoWBJEaQk4V8JUsqrQihImVqKT+8U6Qi3t5ATcg4Y9wGAPb3kIhetpufyZ1RhwbZCIdDA==
  dependencies:
    "@babel/parser" "^7.23.0"
    "@vue/compiler-core" "3.3.7"
    "@vue/shared" "3.3.7"
    estree-walker "^2.0.2"
    magic-string "^0.30.5"

"@vue/reactivity@3.3.7":
  version "3.3.7"
  resolved "https://registry.npmjs.org/@vue/reactivity/-/reactivity-3.3.7.tgz"
  integrity sha512-cZNVjWiw00708WqT0zRpyAgduG79dScKEPYJXq2xj/aMtk3SKvL3FBt2QKUlh6EHBJ1m8RhBY+ikBUzwc7/khg==
  dependencies:
    "@vue/shared" "3.3.7"

"@vue/runtime-core@3.3.7":
  version "3.3.7"
  resolved "https://registry.npmjs.org/@vue/runtime-core/-/runtime-core-3.3.7.tgz"
  integrity sha512-LHq9du3ubLZFdK/BP0Ysy3zhHqRfBn80Uc+T5Hz3maFJBGhci1MafccnL3rpd5/3wVfRHAe6c+PnlO2PAavPTQ==
  dependencies:
    "@vue/reactivity" "3.3.7"
    "@vue/shared" "3.3.7"

"@vue/runtime-dom@3.3.7":
  version "3.3.7"
  resolved "https://registry.npmjs.org/@vue/runtime-dom/-/runtime-dom-3.3.7.tgz"
  integrity sha512-PFQU1oeJxikdDmrfoNQay5nD4tcPNYixUBruZzVX/l0eyZvFKElZUjW4KctCcs52nnpMGO6UDK+jF5oV4GT5Lw==
  dependencies:
    "@vue/runtime-core" "3.3.7"
    "@vue/shared" "3.3.7"
    csstype "^3.1.2"

"@vue/server-renderer@3.3.7":
  version "3.3.7"
  resolved "https://registry.npmjs.org/@vue/server-renderer/-/server-renderer-3.3.7.tgz"
  integrity sha512-UlpKDInd1hIZiNuVVVvLgxpfnSouxKQOSE2bOfQpBuGwxRV/JqqTCyyjXUWiwtVMyeRaZhOYYqntxElk8FhBhw==
  dependencies:
    "@vue/compiler-ssr" "3.3.7"
    "@vue/shared" "3.3.7"

"@vue/shared@3.3.7":
  version "3.3.7"
  resolved "https://registry.npmjs.org/@vue/shared/-/shared-3.3.7.tgz"
  integrity sha512-N/tbkINRUDExgcPTBvxNkvHGu504k8lzlNQRITVnm6YjOjwa4r0nnbd4Jb01sNpur5hAllyRJzSK5PvB9PPwRg==

"@yr/monotone-cubic-spline@^1.0.3":
  version "1.0.3"
  resolved "https://registry.npmjs.org/@yr/monotone-cubic-spline/-/monotone-cubic-spline-1.0.3.tgz"
  integrity sha512-FQXkOta0XBSUPHndIKON2Y9JeQz5ZeMqLYZVVK93FliNBFm7LNMIZmY6FrMEB9XPcDbE2bekMbZD6kzDkxwYjA==

anymatch@~3.1.2:
  version "3.1.3"
  resolved "https://registry.npmjs.org/anymatch/-/anymatch-3.1.3.tgz"
  integrity sha512-KMReFUr0B4t+D+OBkjR3KYqvocp2XaSzO55UcB6mgQMd3KbcE+mWTyvVV7D/zsdEbNnV6acZUutkiHQXvTr1Rw==
  dependencies:
    normalize-path "^3.0.0"
    picomatch "^2.0.4"

aos@^2.3.4:
  version "2.3.4"
  resolved "https://registry.npmjs.org/aos/-/aos-2.3.4.tgz"
  integrity sha512-zh/ahtR2yME4I51z8IttIt4lC1Nw0ktsFtmeDzID1m9naJnWXhCoARaCgNOGXb5CLy3zm+wqmRAEgMYB5E2HUw==
  dependencies:
    classlist-polyfill "^1.0.3"
    lodash.debounce "^4.0.6"
    lodash.throttle "^4.0.1"

apexcharts@^3.44.0, "apexcharts@> 3.0.0":
  version "3.44.0"
  resolved "https://registry.npmjs.org/apexcharts/-/apexcharts-3.44.0.tgz"
  integrity sha512-u7Xzrbcxc2yWznN78Jh5NMCYVAsWDfBjRl5ea++rVzFAqjU2hLz4RgKIFwYOBDRQtW1e/Qz8azJTqIJ1+Vu9Qg==
  dependencies:
    "@yr/monotone-cubic-spline" "^1.0.3"
    svg.draggable.js "^2.2.2"
    svg.easing.js "^2.0.0"
    svg.filter.js "^2.0.2"
    svg.pathmorphing.js "^0.1.3"
    svg.resize.js "^1.4.3"
    svg.select.js "^3.0.1"

asynckit@^0.4.0:
  version "0.4.0"
  resolved "https://registry.npmjs.org/asynckit/-/asynckit-0.4.0.tgz"
  integrity sha512-Oei9OH4tRh0YqU3GxhX79dM/mwVgvbZJaSNaRk+bshkj0S5cfHcgYakreBjrHwatXKbz+IoIdYLxrKim2MjW0Q==

axios@^1.6.2:
  version "1.6.2"
  resolved "https://registry.npmjs.org/axios/-/axios-1.6.2.tgz"
  integrity sha512-7i24Ri4pmDRfJTR7LDBhsOTtcm+9kjX5WiY1X3wIisx6G9So3pfMkEiU7emUBe46oceVImccTEM3k6C5dbVW8A==
  dependencies:
    follow-redirects "^1.15.0"
    form-data "^4.0.0"
    proxy-from-env "^1.1.0"

binary-extensions@^2.0.0:
  version "2.2.0"
  resolved "https://registry.npmjs.org/binary-extensions/-/binary-extensions-2.2.0.tgz"
  integrity sha512-jDctJ/IVQbZoJykoeHbhXpOlNBqGNcwXJKJog42E5HDPUwQTSdjCHdihjj0DlnheQ7blbT6dHOafNAiS8ooQKA==

braces@~3.0.2:
  version "3.0.2"
  resolved "https://registry.npmjs.org/braces/-/braces-3.0.2.tgz"
  integrity sha512-b8um+L1RzM3WDSzvhm6gIz1yfTbBt6YTlcEKAvsmqCZZFw46z626lVj9j1yEPW33H5H+lBQpZMP1k8l+78Ha0A==
  dependencies:
    fill-range "^7.0.1"

"chokidar@>=3.0.0 <4.0.0":
  version "3.5.3"
  resolved "https://registry.npmjs.org/chokidar/-/chokidar-3.5.3.tgz"
  integrity sha512-Dr3sfKRP6oTcjf2JmUmFJfeVMvXBdegxB0iVQ5eb2V10uFJUCAS8OByZdVAyVb8xXNz3GjjTgj9kLWsZTqE6kw==
  dependencies:
    anymatch "~3.1.2"
    braces "~3.0.2"
    glob-parent "~5.1.2"
    is-binary-path "~2.1.0"
    is-glob "~4.0.1"
    normalize-path "~3.0.0"
    readdirp "~3.6.0"
  optionalDependencies:
    fsevents "~2.3.2"

classlist-polyfill@^1.0.3:
  version "1.2.0"
  resolved "https://registry.npmjs.org/classlist-polyfill/-/classlist-polyfill-1.2.0.tgz"
  integrity sha512-GzIjNdcEtH4ieA2S8NmrSxv7DfEV5fmixQeyTmqmRmRJPGpRBaSnA2a0VrCjyT8iW8JjEdMbKzDotAJf+ajgaQ==

combined-stream@^1.0.8:
  version "1.0.8"
  resolved "https://registry.npmjs.org/combined-stream/-/combined-stream-1.0.8.tgz"
  integrity sha512-FQN4MRfuJeHf7cBbBMJFXhKSDq+2kAArBlmRBvcvFE5BB1HZKXtSFASDhdlz9zOYwxh8lDdnvmMOe/+5cdoEdg==
  dependencies:
    delayed-stream "~1.0.0"

compromise@^14.10.1:
  version "14.10.1"
  resolved "https://registry.npmjs.org/compromise/-/compromise-14.10.1.tgz"
  integrity sha512-GX91lZfJsma34HHifGlmnoWdu45PreuRFjrccCSAZq+r7Jb0wdKxKZWhyi8OSPvZ0+xk7LclDakUnd/Np57ZRQ==
  dependencies:
    efrt "2.7.0"
    grad-school "0.0.5"
    suffix-thumb "5.0.2"

csstype@^3.1.2:
  version "3.1.2"
  resolved "https://registry.npmjs.org/csstype/-/csstype-3.1.2.tgz"
  integrity sha512-I7K1Uu0MBPzaFKg4nI5Q7Vs2t+3gWWW648spaF+Rg7pI9ds18Ugn+lvg4SHczUdKlHI5LWBXyqfS8+DufyBsgQ==

delayed-stream@~1.0.0:
  version "1.0.0"
  resolved "https://registry.npmjs.org/delayed-stream/-/delayed-stream-1.0.0.tgz"
  integrity sha512-ZySD7Nf91aLB0RxL4KGrKHBXl7Eds1DAmEdcoVawXnLD7SDhpNgtuII2aAkg7a7QS41jxPSZ17p4VdGnMHk3MQ==

efrt@2.7.0:
  version "2.7.0"
  resolved "https://registry.npmjs.org/efrt/-/efrt-2.7.0.tgz"
  integrity sha512-/RInbCy1d4P6Zdfa+TMVsf/ufZVotat5hCw3QXmWtjU+3pFEOvOQ7ibo3aIxyCJw2leIeAMjmPj+1SLJiCpdrQ==

esbuild@^0.18.10:
  version "0.18.20"
  resolved "https://registry.npmjs.org/esbuild/-/esbuild-0.18.20.tgz"
  integrity sha512-ceqxoedUrcayh7Y7ZX6NdbbDzGROiyVBgC4PriJThBKSVPWnnFHZAkfI1lJT8QFkOwH4qOS2SJkS4wvpGl8BpA==
  optionalDependencies:
    "@esbuild/android-arm" "0.18.20"
    "@esbuild/android-arm64" "0.18.20"
    "@esbuild/android-x64" "0.18.20"
    "@esbuild/darwin-arm64" "0.18.20"
    "@esbuild/darwin-x64" "0.18.20"
    "@esbuild/freebsd-arm64" "0.18.20"
    "@esbuild/freebsd-x64" "0.18.20"
    "@esbuild/linux-arm" "0.18.20"
    "@esbuild/linux-arm64" "0.18.20"
    "@esbuild/linux-ia32" "0.18.20"
    "@esbuild/linux-loong64" "0.18.20"
    "@esbuild/linux-mips64el" "0.18.20"
    "@esbuild/linux-ppc64" "0.18.20"
    "@esbuild/linux-riscv64" "0.18.20"
    "@esbuild/linux-s390x" "0.18.20"
    "@esbuild/linux-x64" "0.18.20"
    "@esbuild/netbsd-x64" "0.18.20"
    "@esbuild/openbsd-x64" "0.18.20"
    "@esbuild/sunos-x64" "0.18.20"
    "@esbuild/win32-arm64" "0.18.20"
    "@esbuild/win32-ia32" "0.18.20"
    "@esbuild/win32-x64" "0.18.20"

estree-walker@^2.0.2:
  version "2.0.2"
  resolved "https://registry.npmjs.org/estree-walker/-/estree-walker-2.0.2.tgz"
  integrity sha512-Rfkk/Mp/DL7JVje3u18FxFujQlTNR2q6QfMSMB7AvCBx91NGj/ba3kCfza0f6dVDbw7YlRf/nDrn7pQrCCyQ/w==

fill-range@^7.0.1:
  version "7.0.1"
  resolved "https://registry.npmjs.org/fill-range/-/fill-range-7.0.1.tgz"
  integrity sha512-qOo9F+dMUmC2Lcb4BbVvnKJxTPjCm+RRpe4gDuGrzkL7mEVl/djYSu2OdQ2Pa302N4oqkSg9ir6jaLWJ2USVpQ==
  dependencies:
    to-regex-range "^5.0.1"

follow-redirects@^1.15.0:
  version "1.15.3"
  resolved "https://registry.npmjs.org/follow-redirects/-/follow-redirects-1.15.3.tgz"
  integrity sha512-1VzOtuEM8pC9SFU1E+8KfTjZyMztRsgEfwQl44z8A25uy13jSzTj6dyK2Df52iV0vgHCfBwLhDWevLn95w5v6Q==

form-data@^4.0.0:
  version "4.0.0"
  resolved "https://registry.npmjs.org/form-data/-/form-data-4.0.0.tgz"
  integrity sha512-ETEklSGi5t0QMZuiXoA/Q6vcnxcLQP5vdugSpuAyi6SVGi2clPPp+xgEhuMaHC+zGgn31Kd235W35f7Hykkaww==
  dependencies:
    asynckit "^0.4.0"
    combined-stream "^1.0.8"
    mime-types "^2.1.12"

glob-parent@~5.1.2:
  version "5.1.2"
  resolved "https://registry.npmjs.org/glob-parent/-/glob-parent-5.1.2.tgz"
  integrity sha512-AOIgSQCepiJYwP3ARnGx+5VnTu2HBYdzbGP45eLw1vr3zB3vZLeyed1sC9hnbcOc9/SrMyM5RPQrkGz4aS9Zow==
  dependencies:
    is-glob "^4.0.1"

grad-school@0.0.5:
  version "0.0.5"
  resolved "https://registry.npmjs.org/grad-school/-/grad-school-0.0.5.tgz"
  integrity sha512-rXunEHF9M9EkMydTBux7+IryYXEZinRk6g8OBOGDBzo/qWJjhTxy86i5q7lQYpCLHN8Sqv1XX3OIOc7ka2gtvQ==

immutable@^4.0.0:
  version "4.3.4"
  resolved "https://registry.npmjs.org/immutable/-/immutable-4.3.4.tgz"
  integrity sha512-fsXeu4J4i6WNWSikpI88v/PcVflZz+6kMhUfIwc5SY+poQRPnaf5V7qds6SUyUN3cVxEzuCab7QIoLOQ+DQ1wA==

is-binary-path@~2.1.0:
  version "2.1.0"
  resolved "https://registry.npmjs.org/is-binary-path/-/is-binary-path-2.1.0.tgz"
  integrity sha512-ZMERYes6pDydyuGidse7OsHxtbI7WVeUEozgR/g7rd0xUimYNlvZRE/K2MgZTjWy725IfelLeVcEM97mmtRGXw==
  dependencies:
    binary-extensions "^2.0.0"

is-extglob@^2.1.1:
  version "2.1.1"
  resolved "https://registry.npmjs.org/is-extglob/-/is-extglob-2.1.1.tgz"
  integrity sha512-SbKbANkN603Vi4jEZv49LeVJMn4yGwsbzZworEoyEiutsN3nJYdbO36zfhGJ6QEDpOZIFkDtnq5JRxmvl3jsoQ==

is-glob@^4.0.1, is-glob@~4.0.1:
  version "4.0.3"
  resolved "https://registry.npmjs.org/is-glob/-/is-glob-4.0.3.tgz"
  integrity sha512-xelSayHH36ZgE7ZWhli7pW34hNbNl8Ojv5KVmkJD4hBdD3th8Tfk9vYasLM+mXWOZhFkgZfxhLSnrwRr4elSSg==
  dependencies:
    is-extglob "^2.1.1"

is-number@^7.0.0:
  version "7.0.0"
  resolved "https://registry.npmjs.org/is-number/-/is-number-7.0.0.tgz"
  integrity sha512-41Cifkg6e8TylSpdtTpeLVMqvSBEVzTttHvERD741+pnZ8ANv0004MRL43QKPDlK9cGvNp6NZWZUBlbGXYxxng==

lodash.debounce@^4.0.6:
  version "4.0.8"
  resolved "https://registry.npmjs.org/lodash.debounce/-/lodash.debounce-4.0.8.tgz"
  integrity sha512-FT1yDzDYEoYWhnSGnpE/4Kj1fLZkDFyqRb7fNt6FdYOSxlUWAtp42Eh6Wb0rGIv/m9Bgo7x4GhQbm5Ys4SG5ow==

lodash.throttle@^4.0.1:
  version "4.1.1"
  resolved "https://registry.npmjs.org/lodash.throttle/-/lodash.throttle-4.1.1.tgz"
  integrity sha512-wIkUCfVKpVsWo3JSZlc+8MB5it+2AN5W8J7YVMST30UrvcQNZ1Okbj+rbVniijTWE6FGYy4XJq/rHkas8qJMLQ==

magic-string@^0.30.5:
  version "0.30.5"
  resolved "https://registry.npmjs.org/magic-string/-/magic-string-0.30.5.tgz"
  integrity sha512-7xlpfBaQaP/T6Vh8MO/EqXSW5En6INHEvEXQiuff7Gku0PWjU3uf6w/j9o7O+SpB5fOAkrI5HeoNgwjEO0pFsA==
  dependencies:
    "@jridgewell/sourcemap-codec" "^1.4.15"

mime-db@1.52.0:
  version "1.52.0"
  resolved "https://registry.npmjs.org/mime-db/-/mime-db-1.52.0.tgz"
  integrity sha512-sPU4uV7dYlvtWJxwwxHD0PuihVNiE7TyAbQ5SWxDCB9mUYvOgroQOwYQQOKPJ8CIbE+1ETVlOoK1UC2nU3gYvg==

mime-types@^2.1.12:
  version "2.1.35"
  resolved "https://registry.npmjs.org/mime-types/-/mime-types-2.1.35.tgz"
  integrity sha512-ZDY+bPm5zTTF+YpCrAU9nK0UgICYPT0QtT1NZWFv4s++TNkcgVaT0g6+4R2uI4MjQjzysHB1zxuWL50hzaeXiw==
  dependencies:
    mime-db "1.52.0"

nanoid@^3.3.6:
  version "3.3.6"
  resolved "https://registry.npmjs.org/nanoid/-/nanoid-3.3.6.tgz"
  integrity sha512-BGcqMMJuToF7i1rt+2PWSNVnWIkGCU78jBG3RxO/bZlnZPK2Cmi2QaffxGO/2RvWi9sL+FAiRiXMgsyxQ1DIDA==

normalize-path@^3.0.0, normalize-path@~3.0.0:
  version "3.0.0"
  resolved "https://registry.npmjs.org/normalize-path/-/normalize-path-3.0.0.tgz"
  integrity sha512-6eZs5Ls3WtCisHWp9S2GUy8dqkpGi4BVSz3GaqiE6ezub0512ESztXUwUB6C6IKbQkY2Pnb/mD4WYojCRwcwLA==

oh-vue-icons@^1.0.0-rc3:
  version "1.0.0-rc3"
  resolved "https://registry.npmjs.org/oh-vue-icons/-/oh-vue-icons-1.0.0-rc3.tgz"
  integrity sha512-+k2YC6piK7sEZnwbkQF3UokFPMmgqpiLP6f/H0ovQFLl20QA5V4U8EcI6EclD2Lt5NMQ3k6ilLGo8XyXqdVSvg==
  dependencies:
    vue-demi "^0.12.5"

picocolors@^1.0.0:
  version "1.0.0"
  resolved "https://registry.npmjs.org/picocolors/-/picocolors-1.0.0.tgz"
  integrity sha512-1fygroTLlHu66zi26VoTDv8yRgm0Fccecssto+MhsZ0D/DGW2sm8E8AjW7NU5VVTRt5GxbeZ5qBuJr+HyLYkjQ==

picomatch@^2.0.4, picomatch@^2.2.1:
  version "2.3.1"
  resolved "https://registry.npmjs.org/picomatch/-/picomatch-2.3.1.tgz"
  integrity sha512-JU3teHTNjmE2VCGFzuY8EXzCDVwEqB2a8fsIvwaStHhAWJEeVd1o1QD80CU6+ZdEXXSLbSsuLwJjkCBWqRQUVA==

postcss@^8.4.27, postcss@^8.4.31:
  version "8.4.31"
  resolved "https://registry.npmjs.org/postcss/-/postcss-8.4.31.tgz"
  integrity sha512-PS08Iboia9mts/2ygV3eLpY5ghnUcfLV/EXTOW1E2qYxJKGGBUtNjN76FYHnMs36RmARn41bC0AZmn+rR0OVpQ==
  dependencies:
    nanoid "^3.3.6"
    picocolors "^1.0.0"
    source-map-js "^1.0.2"

proxy-from-env@^1.1.0:
  version "1.1.0"
  resolved "https://registry.npmjs.org/proxy-from-env/-/proxy-from-env-1.1.0.tgz"
  integrity sha512-D+zkORCbA9f1tdWRK0RaCR3GPv50cMxcrz4X8k5LTSUD1Dkw47mKJEZQNunItRTkWwgtaUSo1RVFRIG9ZXiFYg==

readdirp@~3.6.0:
  version "3.6.0"
  resolved "https://registry.npmjs.org/readdirp/-/readdirp-3.6.0.tgz"
  integrity sha512-hOS089on8RduqdbhvQ5Z37A0ESjsqz6qnRcffsMU3495FuTdqSm+7bhJ29JvIOsBDEEnan5DPu9t3To9VRlMzA==
  dependencies:
    picomatch "^2.2.1"

rollup@^3.27.1:
  version "3.29.4"
  resolved "https://registry.npmjs.org/rollup/-/rollup-3.29.4.tgz"
  integrity sha512-oWzmBZwvYrU0iJHtDmhsm662rC15FRXmcjCk1xD771dFDx5jJ02ufAQQTn0etB2emNk4J9EZg/yWKpsn9BWGRw==
  optionalDependencies:
    fsevents "~2.3.2"

sass@*, sass@^1.69.5:
  version "1.69.5"
  resolved "https://registry.npmjs.org/sass/-/sass-1.69.5.tgz"
  integrity sha512-qg2+UCJibLr2LCVOt3OlPhr/dqVHWOa9XtZf2OjbLs/T4VPSJ00udtgJxH3neXZm+QqX8B+3cU7RaLqp1iVfcQ==
  dependencies:
    chokidar ">=3.0.0 <4.0.0"
    immutable "^4.0.0"
    source-map-js ">=0.6.2 <2.0.0"

source-map-js@^1.0.2, "source-map-js@>=0.6.2 <2.0.0":
  version "1.0.2"
  resolved "https://registry.npmjs.org/source-map-js/-/source-map-js-1.0.2.tgz"
  integrity sha512-R0XvVJ9WusLiqTCEiGCmICCMplcCkIwwR11mOSD9CR5u+IXYdiseeEuXCVAjS54zqwkLcPNnmU4OeJ6tUrWhDw==

suffix-thumb@5.0.2:
  version "5.0.2"
  resolved "https://registry.npmjs.org/suffix-thumb/-/suffix-thumb-5.0.2.tgz"
  integrity sha512-I5PWXAFKx3FYnI9a+dQMWNqTxoRt6vdBdb0O+BJ1sxXCWtSoQCusc13E58f+9p4MYx/qCnEMkD5jac6K2j3dgA==

svg.draggable.js@^2.2.2:
  version "2.2.2"
  resolved "https://registry.npmjs.org/svg.draggable.js/-/svg.draggable.js-2.2.2.tgz"
  integrity sha512-JzNHBc2fLQMzYCZ90KZHN2ohXL0BQJGQimK1kGk6AvSeibuKcIdDX9Kr0dT9+UJ5O8nYA0RB839Lhvk4CY4MZw==
  dependencies:
    svg.js "^2.0.1"

svg.easing.js@^2.0.0:
  version "2.0.0"
  resolved "https://registry.npmjs.org/svg.easing.js/-/svg.easing.js-2.0.0.tgz"
  integrity sha512-//ctPdJMGy22YoYGV+3HEfHbm6/69LJUTAqI2/5qBvaNHZ9uUFVC82B0Pl299HzgH13rKrBgi4+XyXXyVWWthA==
  dependencies:
    svg.js ">=2.3.x"

svg.filter.js@^2.0.2:
  version "2.0.2"
  resolved "https://registry.npmjs.org/svg.filter.js/-/svg.filter.js-2.0.2.tgz"
  integrity sha512-xkGBwU+dKBzqg5PtilaTb0EYPqPfJ9Q6saVldX+5vCRy31P6TlRCP3U9NxH3HEufkKkpNgdTLBJnmhDHeTqAkw==
  dependencies:
    svg.js "^2.2.5"

svg.js@^2.0.1, svg.js@^2.2.5, svg.js@^2.4.0, svg.js@^2.6.5, svg.js@>=2.3.x:
  version "2.7.1"
  resolved "https://registry.npmjs.org/svg.js/-/svg.js-2.7.1.tgz"
  integrity sha512-ycbxpizEQktk3FYvn/8BH+6/EuWXg7ZpQREJvgacqn46gIddG24tNNe4Son6omdXCnSOaApnpZw6MPCBA1dODA==

svg.pathmorphing.js@^0.1.3:
  version "0.1.3"
  resolved "https://registry.npmjs.org/svg.pathmorphing.js/-/svg.pathmorphing.js-0.1.3.tgz"
  integrity sha512-49HWI9X4XQR/JG1qXkSDV8xViuTLIWm/B/7YuQELV5KMOPtXjiwH4XPJvr/ghEDibmLQ9Oc22dpWpG0vUDDNww==
  dependencies:
    svg.js "^2.4.0"

svg.resize.js@^1.4.3:
  version "1.4.3"
  resolved "https://registry.npmjs.org/svg.resize.js/-/svg.resize.js-1.4.3.tgz"
  integrity sha512-9k5sXJuPKp+mVzXNvxz7U0uC9oVMQrrf7cFsETznzUDDm0x8+77dtZkWdMfRlmbkEEYvUn9btKuZ3n41oNA+uw==
  dependencies:
    svg.js "^2.6.5"
    svg.select.js "^2.1.2"

svg.select.js@^2.1.2:
  version "2.1.2"
  resolved "https://registry.npmjs.org/svg.select.js/-/svg.select.js-2.1.2.tgz"
  integrity sha512-tH6ABEyJsAOVAhwcCjF8mw4crjXSI1aa7j2VQR8ZuJ37H2MBUbyeqYr5nEO7sSN3cy9AR9DUwNg0t/962HlDbQ==
  dependencies:
    svg.js "^2.2.5"

svg.select.js@^3.0.1:
  version "3.0.1"
  resolved "https://registry.npmjs.org/svg.select.js/-/svg.select.js-3.0.1.tgz"
  integrity sha512-h5IS/hKkuVCbKSieR9uQCj9w+zLHoPh+ce19bBYyqF53g6mnPB8sAtIbe1s9dh2S2fCmYX2xel1Ln3PJBbK4kw==
  dependencies:
    svg.js "^2.6.5"

to-regex-range@^5.0.1:
  version "5.0.1"
  resolved "https://registry.npmjs.org/to-regex-range/-/to-regex-range-5.0.1.tgz"
  integrity sha512-65P7iz6X5yEr1cwcgvQxbbIw7Uk3gOy5dIdtZ4rDveLqhrdJP+Li/Hx6tyK0NEb+2GCyneCMJiGqrADCSNk8sQ==
  dependencies:
    is-number "^7.0.0"

tsparticles-basic@^2.12.0:
  version "2.12.0"
  resolved "https://registry.npmjs.org/tsparticles-basic/-/tsparticles-basic-2.12.0.tgz"
  integrity sha512-pN6FBpL0UsIUXjYbiui5+IVsbIItbQGOlwyGV55g6IYJBgdTNXgFX0HRYZGE9ZZ9psEXqzqwLM37zvWnb5AG9g==
  dependencies:
    tsparticles-engine "^2.12.0"
    tsparticles-move-base "^2.12.0"
    tsparticles-shape-circle "^2.12.0"
    tsparticles-updater-color "^2.12.0"
    tsparticles-updater-opacity "^2.12.0"
    tsparticles-updater-out-modes "^2.12.0"
    tsparticles-updater-size "^2.12.0"

tsparticles-engine@^2.12.0:
  version "2.12.0"
  resolved "https://registry.npmjs.org/tsparticles-engine/-/tsparticles-engine-2.12.0.tgz"
  integrity sha512-ZjDIYex6jBJ4iMc9+z0uPe7SgBnmb6l+EJm83MPIsOny9lPpetMsnw/8YJ3xdxn8hV+S3myTpTN1CkOVmFv0QQ==

tsparticles-interaction-external-attract@^2.12.0:
  version "2.12.0"
  resolved "https://registry.npmjs.org/tsparticles-interaction-external-attract/-/tsparticles-interaction-external-attract-2.12.0.tgz"
  integrity sha512-0roC6D1QkFqMVomcMlTaBrNVjVOpyNzxIUsjMfshk2wUZDAvTNTuWQdUpmsLS4EeSTDN3rzlGNnIuuUQqyBU5w==
  dependencies:
    tsparticles-engine "^2.12.0"

tsparticles-interaction-external-bounce@^2.12.0:
  version "2.12.0"
  resolved "https://registry.npmjs.org/tsparticles-interaction-external-bounce/-/tsparticles-interaction-external-bounce-2.12.0.tgz"
  integrity sha512-MMcqKLnQMJ30hubORtdq+4QMldQ3+gJu0bBYsQr9BsThsh8/V0xHc1iokZobqHYVP5tV77mbFBD8Z7iSCf0TMQ==
  dependencies:
    tsparticles-engine "^2.12.0"

tsparticles-interaction-external-bubble@^2.12.0:
  version "2.12.0"
  resolved "https://registry.npmjs.org/tsparticles-interaction-external-bubble/-/tsparticles-interaction-external-bubble-2.12.0.tgz"
  integrity sha512-5kImCSCZlLNccXOHPIi2Yn+rQWTX3sEa/xCHwXW19uHxtILVJlnAweayc8+Zgmb7mo0DscBtWVFXHPxrVPFDUA==
  dependencies:
    tsparticles-engine "^2.12.0"

tsparticles-interaction-external-connect@^2.12.0:
  version "2.12.0"
  resolved "https://registry.npmjs.org/tsparticles-interaction-external-connect/-/tsparticles-interaction-external-connect-2.12.0.tgz"
  integrity sha512-ymzmFPXz6AaA1LAOL5Ihuy7YSQEW8MzuSJzbd0ES13U8XjiU3HlFqlH6WGT1KvXNw6WYoqrZt0T3fKxBW3/C3A==
  dependencies:
    tsparticles-engine "^2.12.0"

tsparticles-interaction-external-grab@^2.12.0:
  version "2.12.0"
  resolved "https://registry.npmjs.org/tsparticles-interaction-external-grab/-/tsparticles-interaction-external-grab-2.12.0.tgz"
  integrity sha512-iQF/A947hSfDNqAjr49PRjyQaeRkYgTYpfNmAf+EfME8RsbapeP/BSyF6mTy0UAFC0hK2A2Hwgw72eT78yhXeQ==
  dependencies:
    tsparticles-engine "^2.12.0"

tsparticles-interaction-external-pause@^2.12.0:
  version "2.12.0"
  resolved "https://registry.npmjs.org/tsparticles-interaction-external-pause/-/tsparticles-interaction-external-pause-2.12.0.tgz"
  integrity sha512-4SUikNpsFROHnRqniL+uX2E388YTtfRWqqqZxRhY0BrijH4z04Aii3YqaGhJxfrwDKkTQlIoM2GbFT552QZWjw==
  dependencies:
    tsparticles-engine "^2.12.0"

tsparticles-interaction-external-push@^2.12.0:
  version "2.12.0"
  resolved "https://registry.npmjs.org/tsparticles-interaction-external-push/-/tsparticles-interaction-external-push-2.12.0.tgz"
  integrity sha512-kqs3V0dgDKgMoeqbdg+cKH2F+DTrvfCMrPF1MCCUpBCqBiH+TRQpJNNC86EZYHfNUeeLuIM3ttWwIkk2hllR/Q==
  dependencies:
    tsparticles-engine "^2.12.0"

tsparticles-interaction-external-remove@^2.12.0:
  version "2.12.0"
  resolved "https://registry.npmjs.org/tsparticles-interaction-external-remove/-/tsparticles-interaction-external-remove-2.12.0.tgz"
  integrity sha512-2eNIrv4m1WB2VfSVj46V2L/J9hNEZnMgFc+A+qmy66C8KzDN1G8aJUAf1inW8JVc0lmo5+WKhzex4X0ZSMghBg==
  dependencies:
    tsparticles-engine "^2.12.0"

tsparticles-interaction-external-repulse@^2.12.0:
  version "2.12.0"
  resolved "https://registry.npmjs.org/tsparticles-interaction-external-repulse/-/tsparticles-interaction-external-repulse-2.12.0.tgz"
  integrity sha512-rSzdnmgljeBCj5FPp4AtGxOG9TmTsK3AjQW0vlyd1aG2O5kSqFjR+FuT7rfdSk9LEJGH5SjPFE6cwbuy51uEWA==
  dependencies:
    tsparticles-engine "^2.12.0"

tsparticles-interaction-external-slow@^2.12.0:
  version "2.12.0"
  resolved "https://registry.npmjs.org/tsparticles-interaction-external-slow/-/tsparticles-interaction-external-slow-2.12.0.tgz"
  integrity sha512-2IKdMC3om7DttqyroMtO//xNdF0NvJL/Lx7LDo08VpfTgJJozxU+JAUT8XVT7urxhaDzbxSSIROc79epESROtA==
  dependencies:
    tsparticles-engine "^2.12.0"

tsparticles-interaction-external-trail@^2.12.0:
  version "2.12.0"
  resolved "https://registry.npmjs.org/tsparticles-interaction-external-trail/-/tsparticles-interaction-external-trail-2.12.0.tgz"
  integrity sha512-LKSapU5sPTaZqYx+y5VJClj0prlV7bswplSFQaIW1raXkvsk45qir2AVcpP5JUhZSFSG+SwsHr+qCgXhNeN1KA==
  dependencies:
    tsparticles-engine "^2.12.0"

tsparticles-interaction-particles-attract@^2.12.0:
  version "2.12.0"
  resolved "https://registry.npmjs.org/tsparticles-interaction-particles-attract/-/tsparticles-interaction-particles-attract-2.12.0.tgz"
  integrity sha512-Hl8qwuwF9aLq3FOkAW+Zomu7Gb8IKs6Y3tFQUQScDmrrSCaeRt2EGklAiwgxwgntmqzL7hbMWNx06CHHcUQKdQ==
  dependencies:
    tsparticles-engine "^2.12.0"

tsparticles-interaction-particles-collisions@^2.12.0:
  version "2.12.0"
  resolved "https://registry.npmjs.org/tsparticles-interaction-particles-collisions/-/tsparticles-interaction-particles-collisions-2.12.0.tgz"
  integrity sha512-Se9nPWlyPxdsnHgR6ap4YUImAu3W5MeGKJaQMiQpm1vW8lSMOUejI1n1ioIaQth9weKGKnD9rvcNn76sFlzGBA==
  dependencies:
    tsparticles-engine "^2.12.0"

tsparticles-interaction-particles-links@^2.12.0:
  version "2.12.0"
  resolved "https://registry.npmjs.org/tsparticles-interaction-particles-links/-/tsparticles-interaction-particles-links-2.12.0.tgz"
  integrity sha512-e7I8gRs4rmKfcsHONXMkJnymRWpxHmeaJIo4g2NaDRjIgeb2AcJSWKWZvrsoLnm7zvaf/cMQlbN6vQwCixYq3A==
  dependencies:
    tsparticles-engine "^2.12.0"

tsparticles-move-base@^2.12.0:
  version "2.12.0"
  resolved "https://registry.npmjs.org/tsparticles-move-base/-/tsparticles-move-base-2.12.0.tgz"
  integrity sha512-oSogCDougIImq+iRtIFJD0YFArlorSi8IW3HD2gO3USkH+aNn3ZqZNTqp321uB08K34HpS263DTbhLHa/D6BWw==
  dependencies:
    tsparticles-engine "^2.12.0"

tsparticles-move-parallax@^2.12.0:
  version "2.12.0"
  resolved "https://registry.npmjs.org/tsparticles-move-parallax/-/tsparticles-move-parallax-2.12.0.tgz"
  integrity sha512-58CYXaX8Ih5rNtYhpnH0YwU4Ks7gVZMREGUJtmjhuYN+OFr9FVdF3oDIJ9N6gY5a5AnAKz8f5j5qpucoPRcYrQ==
  dependencies:
    tsparticles-engine "^2.12.0"

tsparticles-particles.js@^2.12.0:
  version "2.12.0"
  resolved "https://registry.npmjs.org/tsparticles-particles.js/-/tsparticles-particles.js-2.12.0.tgz"
  integrity sha512-LyOuvYdhbUScmA4iDgV3LxA0HzY1DnOwQUy3NrPYO393S2YwdDjdwMod6Btq7EBUjg9FVIh+sZRizgV5elV2dg==
  dependencies:
    tsparticles-engine "^2.12.0"

tsparticles-plugin-absorbers@^2.12.0:
  version "2.12.0"
  resolved "https://registry.npmjs.org/tsparticles-plugin-absorbers/-/tsparticles-plugin-absorbers-2.12.0.tgz"
  integrity sha512-2CkPreaXHrE5VzFlxUKLeRB5t66ff+3jwLJoDFgQcp+R4HOEITo0bBZv2DagGP0QZdYN4grpnQzRBVdB4d1rWA==
  dependencies:
    tsparticles-engine "^2.12.0"

tsparticles-plugin-easing-quad@^2.12.0:
  version "2.12.0"
  resolved "https://registry.npmjs.org/tsparticles-plugin-easing-quad/-/tsparticles-plugin-easing-quad-2.12.0.tgz"
  integrity sha512-2mNqez5pydDewMIUWaUhY5cNQ80IUOYiujwG6qx9spTq1D6EEPLbRNAEL8/ecPdn2j1Um3iWSx6lo340rPkv4Q==
  dependencies:
    tsparticles-engine "^2.12.0"

tsparticles-plugin-emitters@^2.12.0:
  version "2.12.0"
  resolved "https://registry.npmjs.org/tsparticles-plugin-emitters/-/tsparticles-plugin-emitters-2.12.0.tgz"
  integrity sha512-fbskYnaXWXivBh9KFReVCfqHdhbNQSK2T+fq2qcGEWpwtDdgujcaS1k2Q/xjZnWNMfVesik4IrqspcL51gNdSA==
  dependencies:
    tsparticles-engine "^2.12.0"

tsparticles-shape-circle@^2.12.0:
  version "2.12.0"
  resolved "https://registry.npmjs.org/tsparticles-shape-circle/-/tsparticles-shape-circle-2.12.0.tgz"
  integrity sha512-L6OngbAlbadG7b783x16ns3+SZ7i0SSB66M8xGa5/k+YcY7zm8zG0uPt1Hd+xQDR2aNA3RngVM10O23/Lwk65Q==
  dependencies:
    tsparticles-engine "^2.12.0"

tsparticles-shape-image@^2.12.0:
  version "2.12.0"
  resolved "https://registry.npmjs.org/tsparticles-shape-image/-/tsparticles-shape-image-2.12.0.tgz"
  integrity sha512-iCkSdUVa40DxhkkYjYuYHr9MJGVw+QnQuN5UC+e/yBgJQY+1tQL8UH0+YU/h0GHTzh5Sm+y+g51gOFxHt1dj7Q==
  dependencies:
    tsparticles-engine "^2.12.0"

tsparticles-shape-line@^2.12.0:
  version "2.12.0"
  resolved "https://registry.npmjs.org/tsparticles-shape-line/-/tsparticles-shape-line-2.12.0.tgz"
  integrity sha512-RcpKmmpKlk+R8mM5wA2v64Lv1jvXtU4SrBDv3vbdRodKbKaWGGzymzav1Q0hYyDyUZgplEK/a5ZwrfrOwmgYGA==
  dependencies:
    tsparticles-engine "^2.12.0"

tsparticles-shape-polygon@^2.12.0:
  version "2.12.0"
  resolved "https://registry.npmjs.org/tsparticles-shape-polygon/-/tsparticles-shape-polygon-2.12.0.tgz"
  integrity sha512-5YEy7HVMt1Obxd/jnlsjajchAlYMr9eRZWN+lSjcFSH6Ibra7h59YuJVnwxOxAobpijGxsNiBX0PuGQnB47pmA==
  dependencies:
    tsparticles-engine "^2.12.0"

tsparticles-shape-square@^2.12.0:
  version "2.12.0"
  resolved "https://registry.npmjs.org/tsparticles-shape-square/-/tsparticles-shape-square-2.12.0.tgz"
  integrity sha512-33vfajHqmlODKaUzyPI/aVhnAOT09V7nfEPNl8DD0cfiNikEuPkbFqgJezJuE55ebtVo7BZPDA9o7GYbWxQNuw==
  dependencies:
    tsparticles-engine "^2.12.0"

tsparticles-shape-star@^2.12.0:
  version "2.12.0"
  resolved "https://registry.npmjs.org/tsparticles-shape-star/-/tsparticles-shape-star-2.12.0.tgz"
  integrity sha512-4sfG/BBqm2qBnPLASl2L5aBfCx86cmZLXeh49Un+TIR1F5Qh4XUFsahgVOG0vkZQa+rOsZPEH04xY5feWmj90g==
  dependencies:
    tsparticles-engine "^2.12.0"

tsparticles-shape-text@^2.12.0:
  version "2.12.0"
  resolved "https://registry.npmjs.org/tsparticles-shape-text/-/tsparticles-shape-text-2.12.0.tgz"
  integrity sha512-v2/FCA+hyTbDqp2ymFOe97h/NFb2eezECMrdirHWew3E3qlvj9S/xBibjbpZva2gnXcasBwxn0+LxKbgGdP0rA==
  dependencies:
    tsparticles-engine "^2.12.0"

tsparticles-slim@^2.12.0:
  version "2.12.0"
  resolved "https://registry.npmjs.org/tsparticles-slim/-/tsparticles-slim-2.12.0.tgz"
  integrity sha512-27w9aGAAAPKHvP4LHzWFpyqu7wKyulayyaZ/L6Tuuejy4KP4BBEB4rY5GG91yvAPsLtr6rwWAn3yS+uxnBDpkA==
  dependencies:
    tsparticles-basic "^2.12.0"
    tsparticles-engine "^2.12.0"
    tsparticles-interaction-external-attract "^2.12.0"
    tsparticles-interaction-external-bounce "^2.12.0"
    tsparticles-interaction-external-bubble "^2.12.0"
    tsparticles-interaction-external-connect "^2.12.0"
    tsparticles-interaction-external-grab "^2.12.0"
    tsparticles-interaction-external-pause "^2.12.0"
    tsparticles-interaction-external-push "^2.12.0"
    tsparticles-interaction-external-remove "^2.12.0"
    tsparticles-interaction-external-repulse "^2.12.0"
    tsparticles-interaction-external-slow "^2.12.0"
    tsparticles-interaction-particles-attract "^2.12.0"
    tsparticles-interaction-particles-collisions "^2.12.0"
    tsparticles-interaction-particles-links "^2.12.0"
    tsparticles-move-base "^2.12.0"
    tsparticles-move-parallax "^2.12.0"
    tsparticles-particles.js "^2.12.0"
    tsparticles-plugin-easing-quad "^2.12.0"
    tsparticles-shape-circle "^2.12.0"
    tsparticles-shape-image "^2.12.0"
    tsparticles-shape-line "^2.12.0"
    tsparticles-shape-polygon "^2.12.0"
    tsparticles-shape-square "^2.12.0"
    tsparticles-shape-star "^2.12.0"
    tsparticles-shape-text "^2.12.0"
    tsparticles-updater-color "^2.12.0"
    tsparticles-updater-life "^2.12.0"
    tsparticles-updater-opacity "^2.12.0"
    tsparticles-updater-out-modes "^2.12.0"
    tsparticles-updater-rotate "^2.12.0"
    tsparticles-updater-size "^2.12.0"
    tsparticles-updater-stroke-color "^2.12.0"

tsparticles-updater-color@^2.12.0:
  version "2.12.0"
  resolved "https://registry.npmjs.org/tsparticles-updater-color/-/tsparticles-updater-color-2.12.0.tgz"
  integrity sha512-KcG3a8zd0f8CTiOrylXGChBrjhKcchvDJjx9sp5qpwQK61JlNojNCU35xoaSk2eEHeOvFjh0o3CXWUmYPUcBTQ==
  dependencies:
    tsparticles-engine "^2.12.0"

tsparticles-updater-destroy@^2.12.0:
  version "2.12.0"
  resolved "https://registry.npmjs.org/tsparticles-updater-destroy/-/tsparticles-updater-destroy-2.12.0.tgz"
  integrity sha512-6NN3dJhxACvzbIGL4dADbYQSZJmdHfwjujj1uvnxdMbb2x8C/AZzGxiN33smo4jkrZ5VLEWZWCJPJ8aOKjQ2Sg==
  dependencies:
    tsparticles-engine "^2.12.0"

tsparticles-updater-life@^2.12.0:
  version "2.12.0"
  resolved "https://registry.npmjs.org/tsparticles-updater-life/-/tsparticles-updater-life-2.12.0.tgz"
  integrity sha512-J7RWGHAZkowBHpcLpmjKsxwnZZJ94oGEL2w+wvW1/+ZLmAiFFF6UgU0rHMC5CbHJT4IPx9cbkYMEHsBkcRJ0Bw==
  dependencies:
    tsparticles-engine "^2.12.0"

tsparticles-updater-opacity@^2.12.0:
  version "2.12.0"
  resolved "https://registry.npmjs.org/tsparticles-updater-opacity/-/tsparticles-updater-opacity-2.12.0.tgz"
  integrity sha512-YUjMsgHdaYi4HN89LLogboYcCi1o9VGo21upoqxq19yRy0hRCtx2NhH22iHF/i5WrX6jqshN0iuiiNefC53CsA==
  dependencies:
    tsparticles-engine "^2.12.0"

tsparticles-updater-out-modes@^2.12.0:
  version "2.12.0"
  resolved "https://registry.npmjs.org/tsparticles-updater-out-modes/-/tsparticles-updater-out-modes-2.12.0.tgz"
  integrity sha512-owBp4Gk0JNlSrmp12XVEeBroDhLZU+Uq3szbWlHGSfcR88W4c/0bt0FiH5bHUqORIkw+m8O56hCjbqwj69kpOQ==
  dependencies:
    tsparticles-engine "^2.12.0"

tsparticles-updater-roll@^2.12.0:
  version "2.12.0"
  resolved "https://registry.npmjs.org/tsparticles-updater-roll/-/tsparticles-updater-roll-2.12.0.tgz"
  integrity sha512-dxoxY5jP4C9x15BxlUv5/Q8OjUPBiE09ToXRyBxea9aEJ7/iMw6odvi1HuT0H1vTIfV7o1MYawjeCbMycvODKQ==
  dependencies:
    tsparticles-engine "^2.12.0"

tsparticles-updater-rotate@^2.12.0:
  version "2.12.0"
  resolved "https://registry.npmjs.org/tsparticles-updater-rotate/-/tsparticles-updater-rotate-2.12.0.tgz"
  integrity sha512-waOFlGFmEZOzsQg4C4VSejNVXGf4dMf3fsnQrEROASGf1FCd8B6WcZau7JtXSTFw0OUGuk8UGz36ETWN72DkCw==
  dependencies:
    tsparticles-engine "^2.12.0"

tsparticles-updater-size@^2.12.0:
  version "2.12.0"
  resolved "https://registry.npmjs.org/tsparticles-updater-size/-/tsparticles-updater-size-2.12.0.tgz"
  integrity sha512-B0yRdEDd/qZXCGDL/ussHfx5YJ9UhTqNvmS5X2rR2hiZhBAE2fmsXLeWkdtF2QusjPeEqFDxrkGiLOsh6poqRA==
  dependencies:
    tsparticles-engine "^2.12.0"

tsparticles-updater-stroke-color@^2.12.0:
  version "2.12.0"
  resolved "https://registry.npmjs.org/tsparticles-updater-stroke-color/-/tsparticles-updater-stroke-color-2.12.0.tgz"
  integrity sha512-MPou1ZDxsuVq6SN1fbX+aI5yrs6FyP2iPCqqttpNbWyL+R6fik1rL0ab/x02B57liDXqGKYomIbBQVP3zUTW1A==
  dependencies:
    tsparticles-engine "^2.12.0"

tsparticles-updater-tilt@^2.12.0:
  version "2.12.0"
  resolved "https://registry.npmjs.org/tsparticles-updater-tilt/-/tsparticles-updater-tilt-2.12.0.tgz"
  integrity sha512-HDEFLXazE+Zw+kkKKAiv0Fs9D9sRP61DoCR6jZ36ipea6OBgY7V1Tifz2TSR1zoQkk57ER9+EOQbkSQO+YIPGQ==
  dependencies:
    tsparticles-engine "^2.12.0"

tsparticles-updater-twinkle@^2.12.0:
  version "2.12.0"
  resolved "https://registry.npmjs.org/tsparticles-updater-twinkle/-/tsparticles-updater-twinkle-2.12.0.tgz"
  integrity sha512-JhK/DO4kTx7IFwMBP2EQY9hBaVVvFnGBvX21SQWcjkymmN1hZ+NdcgUtR9jr4jUiiSNdSl7INaBuGloVjWvOgA==
  dependencies:
    tsparticles-engine "^2.12.0"

tsparticles-updater-wobble@^2.12.0:
  version "2.12.0"
  resolved "https://registry.npmjs.org/tsparticles-updater-wobble/-/tsparticles-updater-wobble-2.12.0.tgz"
  integrity sha512-85FIRl95ipD3jfIsQdDzcUC5PRMWIrCYqBq69nIy9P8rsNzygn+JK2n+P1VQZowWsZvk0mYjqb9OVQB21Lhf6Q==
  dependencies:
    tsparticles-engine "^2.12.0"

tsparticles@^2.12.0:
  version "2.12.0"
  resolved "https://registry.npmjs.org/tsparticles/-/tsparticles-2.12.0.tgz"
  integrity sha512-aw77llkaEhcKYUHuRlggA6SB1Dpa814/nrStp9USGiDo5QwE1Ckq30QAgdXU6GRvnblUFsiO750ZuLQs5Y0tVw==
  dependencies:
    tsparticles-engine "^2.12.0"
    tsparticles-interaction-external-trail "^2.12.0"
    tsparticles-plugin-absorbers "^2.12.0"
    tsparticles-plugin-emitters "^2.12.0"
    tsparticles-slim "^2.12.0"
    tsparticles-updater-destroy "^2.12.0"
    tsparticles-updater-roll "^2.12.0"
    tsparticles-updater-tilt "^2.12.0"
    tsparticles-updater-twinkle "^2.12.0"
    tsparticles-updater-wobble "^2.12.0"

v-wave@^1.5.1:
  version "1.5.1"
  resolved "https://registry.npmjs.org/v-wave/-/v-wave-1.5.1.tgz"
  integrity sha512-9aIkxz8suRbYaBIHw6C8L/uoSC0L4MBgarWewA+CXlDxNqHPZdtm1KHHRzDg5DvzHadCAKls/RjDSepj2GK/1w==

vite@^4.0.0, vite@^4.4.11:
  version "4.5.0"
  resolved "https://registry.npmjs.org/vite/-/vite-4.5.0.tgz"
  integrity sha512-ulr8rNLA6rkyFAlVWw2q5YJ91v098AFQ2R0PRFwPzREXOUJQPtFUG0t+/ZikhaOCDqFoDhN6/v8Sq0o4araFAw==
  dependencies:
    esbuild "^0.18.10"
    postcss "^8.4.27"
    rollup "^3.27.1"
  optionalDependencies:
    fsevents "~2.3.2"

vue-animate-onscroll@^1.0.8:
  version "1.0.8"
  resolved "https://registry.npmjs.org/vue-animate-onscroll/-/vue-animate-onscroll-1.0.8.tgz"
  integrity sha512-uyb/lTudNmWaxT8W0UQIk75EyzX7wYM64hm7gsMCVhGICQkb5j/ynIZ/ZnSApsqvruUg4t3UxT1MUhN4sDU11Q==

vue-demi@^0.12.5:
  version "0.12.5"
  resolved "https://registry.npmjs.org/vue-demi/-/vue-demi-0.12.5.tgz"
  integrity sha512-BREuTgTYlUr0zw0EZn3hnhC3I6gPWv+Kwh4MCih6QcAeaTlaIX0DwOVN0wHej7hSvDPecz4jygy/idsgKfW58Q==

vue-router@^4.2.5:
  version "4.2.5"
  resolved "https://registry.npmjs.org/vue-router/-/vue-router-4.2.5.tgz"
  integrity sha512-DIUpKcyg4+PTQKfFPX88UWhlagBEBEfJ5A8XDXRJLUnZOvcpMF8o/dnL90vpVkGaPbjvXazV/rC1qBKrZlFugw==
  dependencies:
    "@vue/devtools-api" "^6.5.0"

vue-toast-notification@^3.1.2:
  version "3.1.2"
  resolved "https://registry.npmjs.org/vue-toast-notification/-/vue-toast-notification-3.1.2.tgz"
  integrity sha512-oNRL/W9aaHoeScp+iTIW7k09vM16/+8aptp2maa+7qTB43JuxmAgKdXKFYtf+uvSNOYYq2BIWgLCeJ61pwom/A==

"vue@^2.0.0 || ^3.0.0", "vue@^2.0.0 || >=3.0.0", vue@^3.0, "vue@^3.0.0-0 || ^2.6.0", vue@^3.2.0, vue@^3.2.25, vue@^3.3.4, "vue@> 3.0.0", vue@3.3.7:
  version "3.3.7"
  resolved "https://registry.npmjs.org/vue/-/vue-3.3.7.tgz"
  integrity sha512-YEMDia1ZTv1TeBbnu6VybatmSteGOS3A3YgfINOfraCbf85wdKHzscD6HSS/vB4GAtI7sa1XPX7HcQaJ1l24zA==
  dependencies:
    "@vue/compiler-dom" "3.3.7"
    "@vue/compiler-sfc" "3.3.7"
    "@vue/runtime-dom" "3.3.7"
    "@vue/server-renderer" "3.3.7"
    "@vue/shared" "3.3.7"

vue3-apexcharts@^1.4.4:
  version "1.4.4"
  resolved "https://registry.npmjs.org/vue3-apexcharts/-/vue3-apexcharts-1.4.4.tgz"
  integrity sha512-TH89uZrxGjaDvkaYAISvj8+k6Bf1rUKFillc8oJirs5XZEPiwM1ELKZQ786wz0rfPqkSHHny2lqqUCK7Rw+LcQ==

vue3-particles@^2.12.0:
  version "2.12.0"
  resolved "https://registry.npmjs.org/vue3-particles/-/vue3-particles-2.12.0.tgz"
  integrity sha512-Vc8CSNoT/VWD4LTauYDR2EXN6mPU5qz35wqVPuhW0Wj9IbwGR9FMTSWktjSrKlpiUJgGzMJ003pqpfWYi4vnZw==
  dependencies:
    tsparticles-engine "^2.12.0"
    vue "^3.3.4"
